// !$*UTF8*$!
{
	archiveVersion = 1;
	classes = {
	};
	objectVersion = 46;
	objects = {

/* Begin PBXBuildFile section */
		AE0AB4D71D33844E00C4DE65 /* AppDelegate.swift in Sources */ = {isa = PBXBuildFile; fileRef = AE0AB4D61D33844E00C4DE65 /* AppDelegate.swift */; };
		AE0AB4D91D33844E00C4DE65 /* ViewController.swift in Sources */ = {isa = PBXBuildFile; fileRef = AE0AB4D81D33844E00C4DE65 /* ViewController.swift */; };
		AE0AB4DC1D33844E00C4DE65 /* Main.storyboard in Resources */ = {isa = PBXBuildFile; fileRef = AE0AB4DA1D33844E00C4DE65 /* Main.storyboard */; };
		AE0AB4DE1D33844E00C4DE65 /* Assets.xcassets in Resources */ = {isa = PBXBuildFile; fileRef = AE0AB4DD1D33844E00C4DE65 /* Assets.xcassets */; };
		AE0AB4E11D33844E00C4DE65 /* LaunchScreen.storyboard in Resources */ = {isa = PBXBuildFile; fileRef = AE0AB4DF1D33844E00C4DE65 /* LaunchScreen.storyboard */; };
		AE0AB4E91D33849300C4DE65 /* ShadowView.swift in Sources */ = {isa = PBXBuildFile; fileRef = AE0AB4E81D33849300C4DE65 /* ShadowView.swift */; };
		AE0AB4EB1D33965100C4DE65 /* Path.swift in Sources */ = {isa = PBXBuildFile; fileRef = AE0AB4EA1D33965100C4DE65 /* Path.swift */; };
		AE0AB4ED1D34758500C4DE65 /* AddPath.swift in Sources */ = {isa = PBXBuildFile; fileRef = AE0AB4EC1D34758500C4DE65 /* AddPath.swift */; };
/* End PBXBuildFile section */

/* Begin PBXFileReference section */
		AE0AB4D31D33844E00C4DE65 /* Shadow.app */ = {isa = PBXFileReference; explicitFileType = wrapper.application; includeInIndex = 0; path = Shadow.app; sourceTree = BUILT_PRODUCTS_DIR; };
		AE0AB4D61D33844E00C4DE65 /* AppDelegate.swift */ = {isa = PBXFileReference; lastKnownFileType = sourcecode.swift; path = AppDelegate.swift; sourceTree = "<group>"; };
		AE0AB4D81D33844E00C4DE65 /* ViewController.swift */ = {isa = PBXFileReference; lastKnownFileType = sourcecode.swift; path = ViewController.swift; sourceTree = "<group>"; };
		AE0AB4DB1D33844E00C4DE65 /* Base */ = {isa = PBXFileReference; lastKnownFileType = file.storyboard; name = Base; path = Base.lproj/Main.storyboard; sourceTree = "<group>"; };
		AE0AB4DD1D33844E00C4DE65 /* Assets.xcassets */ = {isa = PBXFileReference; lastKnownFileType = folder.assetcatalog; path = Assets.xcassets; sourceTree = "<group>"; };
		AE0AB4E01D33844E00C4DE65 /* Base */ = {isa = PBXFileReference; lastKnownFileType = file.storyboard; name = Base; path = Base.lproj/LaunchScreen.storyboard; sourceTree = "<group>"; };
		AE0AB4E21D33844E00C4DE65 /* Info.plist */ = {isa = PBXFileReference; lastKnownFileType = text.plist.xml; path = Info.plist; sourceTree = "<group>"; };
		AE0AB4E81D33849300C4DE65 /* ShadowView.swift */ = {isa = PBXFileReference; fileEncoding = 4; lastKnownFileType = sourcecode.swift; path = ShadowView.swift; sourceTree = "<group>"; };
		AE0AB4EA1D33965100C4DE65 /* Path.swift */ = {isa = PBXFileReference; fileEncoding = 4; lastKnownFileType = sourcecode.swift; path = Path.swift; sourceTree = "<group>"; };
		AE0AB4EC1D34758500C4DE65 /* AddPath.swift */ = {isa = PBXFileReference; fileEncoding = 4; lastKnownFileType = sourcecode.swift; path = AddPath.swift; sourceTree = "<group>"; };
/* End PBXFileReference section */

/* Begin PBXFrameworksBuildPhase section */
		AE0AB4D01D33844E00C4DE65 /* Frameworks */ = {
			isa = PBXFrameworksBuildPhase;
			buildActionMask = 2147483647;
			files = (
			);
			runOnlyForDeploymentPostprocessing = 0;
		};
/* End PBXFrameworksBuildPhase section */

/* Begin PBXGroup section */
		AE0AB4CA1D33844E00C4DE65 = {
			isa = PBXGroup;
			children = (
				AE0AB4D51D33844E00C4DE65 /* Shadow */,
				AE0AB4D41D33844E00C4DE65 /* Products */,
			);
			sourceTree = "<group>";
		};
		AE0AB4D41D33844E00C4DE65 /* Products */ = {
			isa = PBXGroup;
			children = (
				AE0AB4D31D33844E00C4DE65 /* Shadow.app */,
			);
			name = Products;
			sourceTree = "<group>";
		};
		AE0AB4D51D33844E00C4DE65 /* Shadow */ = {
			isa = PBXGroup;
			children = (
				AE0AB4D61D33844E00C4DE65 /* AppDelegate.swift */,
				AE0AB4D81D33844E00C4DE65 /* ViewController.swift */,
				AE0AB4DA1D33844E00C4DE65 /* Main.storyboard */,
				AE0AB4DD1D33844E00C4DE65 /* Assets.xcassets */,
				AE0AB4DF1D33844E00C4DE65 /* LaunchScreen.storyboard */,
				AE0AB4E21D33844E00C4DE65 /* Info.plist */,
				AE0AB4E81D33849300C4DE65 /* ShadowView.swift */,
				AE0AB4EA1D33965100C4DE65 /* Path.swift */,
				AE0AB4EC1D34758500C4DE65 /* AddPath.swift */,
			);
			path = Shadow;
			sourceTree = "<group>";
		};
/* End PBXGroup section */

/* Begin PBXNativeTarget section */
		AE0AB4D21D33844E00C4DE65 /* Shadow */ = {
			isa = PBXNativeTarget;
			buildConfigurationList = AE0AB4E51D33844E00C4DE65 /* Build configuration list for PBXNativeTarget "Shadow" */;
			buildPhases = (
				AE0AB4CF1D33844E00C4DE65 /* Sources */,
				AE0AB4D01D33844E00C4DE65 /* Frameworks */,
				AE0AB4D11D33844E00C4DE65 /* Resources */,
			);
			buildRules = (
			);
			dependencies = (
			);
			name = Shadow;
			productName = Shadow;
			productReference = AE0AB4D31D33844E00C4DE65 /* Shadow.app */;
			productType = "com.apple.product-type.application";
		};
/* End PBXNativeTarget section */

/* Begin PBXProject section */
		AE0AB4CB1D33844E00C4DE65 /* Project object */ = {
			isa = PBXProject;
			attributes = {
				LastSwiftUpdateCheck = 0710;
				LastUpgradeCheck = 0710;
				ORGANIZATIONNAME = WillowRivers;
				TargetAttributes = {
					AE0AB4D21D33844E00C4DE65 = {
						CreatedOnToolsVersion = 7.1;
					};
				};
			};
			buildConfigurationList = AE0AB4CE1D33844E00C4DE65 /* Build configuration list for PBXProject "Shadow" */;
			compatibilityVersion = "Xcode 3.2";
			developmentRegion = English;
			hasScannedForEncodings = 0;
			knownRegions = (
				en,
				Base,
			);
			mainGroup = AE0AB4CA1D33844E00C4DE65;
			productRefGroup = AE0AB4D41D33844E00C4DE65 /* Products */;
			projectDirPath = "";
			projectRoot = "";
			targets = (
				AE0AB4D21D33844E00C4DE65 /* Shadow */,
			);
		};
/* End PBXProject section */

/* Begin PBXResourcesBuildPhase section */
		AE0AB4D11D33844E00C4DE65 /* Resources */ = {
			isa = PBXResourcesBuildPhase;
			buildActionMask = 2147483647;
			files = (
				AE0AB4E11D33844E00C4DE65 /* LaunchScreen.storyboard in Resources */,
				AE0AB4DE1D33844E00C4DE65 /* Assets.xcassets in Resources */,
				AE0AB4DC1D33844E00C4DE65 /* Main.storyboard in Resources */,
			);
			runOnlyForDeploymentPostprocessing = 0;
		};
/* End PBXResourcesBuildPhase section */

/* Begin PBXSourcesBuildPhase section */
		AE0AB4CF1D33844E00C4DE65 /* Sources */ = {
			isa = PBXSourcesBuildPhase;
			buildActionMask = 2147483647;
			files = (
				AE0AB4E91D33849300C4DE65 /* ShadowView.swift in Sources */,
				AE0AB4ED1D34758500C4DE65 /* AddPath.swift in Sources */,
				AE0AB4D91D33844E00C4DE65 /* ViewController.swift in Sources */,
				AE0AB4EB1D33965100C4DE65 /* Path.swift in Sources */,
				AE0AB4D71D33844E00C4DE65 /* AppDelegate.swift in Sources */,
			);
			runOnlyForDeploymentPostprocessing = 0;
		};
/* End PBXSourcesBuildPhase section */

/* Begin PBXVariantGroup section */
		AE0AB4DA1D33844E00C4DE65 /* Main.storyboard */ = {
			isa = PBXVariantGroup;
			children = (
				AE0AB4DB1D33844E00C4DE65 /* Base */,
			);
			name = Main.storyboard;
			sourceTree = "<group>";
		};
		AE0AB4DF1D33844E00C4DE65 /* LaunchScreen.storyboard */ = {
			isa = PBXVariantGroup;
			children = (
				AE0AB4E01D33844E00C4DE65 /* Base */,
			);
			name = LaunchScreen.storyboard;
			sourceTree = "<group>";
		};
/* End PBXVariantGroup section */

/* Begin XCBuildConfiguration section */
		AE0AB4E31D33844E00C4DE65 /* Debug */ = {
			isa = XCBuildConfiguration;
			buildSettings = {
				ALWAYS_SEARCH_USER_PATHS = NO;
				CLANG_CXX_LANGUAGE_STANDARD = "gnu++0x";
				CLANG_CXX_LIBRARY = "libc++";
				CLANG_ENABLE_MODULES = YES;
				CLANG_ENABLE_OBJC_ARC = YES;
				CLANG_WARN_BOOL_CONVERSION = YES;
				CLANG_WARN_CONSTANT_CONVERSION = YES;
				CLANG_WARN_DIRECT_OBJC_ISA_USAGE = YES_ERROR;
				CLANG_WARN_EMPTY_BODY = YES;
				CLANG_WARN_ENUM_CONVERSION = YES;
				CLANG_WARN_INT_CONVERSION = YES;
				CLANG_WARN_OBJC_ROOT_CLASS = YES_ERROR;
				CLANG_WARN_UNREACHABLE_CODE = YES;
				CLANG_WARN__DUPLICATE_METHOD_MATCH = YES;
				"CODE_SIGN_IDENTITY[sdk=iphoneos*]" = "iPhone Developer";
				COPY_PHASE_STRIP = NO;
				DEBUG_INFORMATION_FORMAT = dwarf;
				ENABLE_STRICT_OBJC_MSGSEND = YES;
				ENABLE_TESTABILITY = YES;
				GCC_C_LANGUAGE_STANDARD = gnu99;
				GCC_DYNAMIC_NO_PIC = NO;
				GCC_NO_COMMON_BLOCKS = YES;
				GCC_OPTIMIZATION_LEVEL = 0;
				GCC_PREPROCESSOR_DEFINITIONS = (
					"DEBUG=1",
					"$(inherited)",
				);
				GCC_WARN_64_TO_32_BIT_CONVERSION = YES;
				GCC_WARN_ABOUT_RETURN_TYPE = YES_ERROR;
				GCC_WARN_UNDECLARED_SELECTOR = YES;
				GCC_WARN_UNINITIALIZED_AUTOS = YES_AGGRESSIVE;
				GCC_WARN_UNUSED_FUNCTION = YES;
				GCC_WARN_UNUSED_VARIABLE = YES;
				IPHONEOS_DEPLOYMENT_TARGET = 9.1;
				MTL_ENABLE_DEBUG_INFO = YES;
				ONLY_ACTIVE_ARCH = YES;
				SDKROOT = iphoneos;
				SWIFT_OPTIMIZATION_LEVEL = "-Onone";
			};
			name = Debug;
		};
		AE0AB4E41D33844E00C4DE65 /* Release */ = {
			isa = XCBuildConfiguration;
			buildSettings = {
				ALWAYS_SEARCH_USER_PATHS = NO;
				CLANG_CXX_LANGUAGE_STANDARD = "gnu++0x";
				CLANG_CXX_LIBRARY = "libc++";
				CLANG_ENABLE_MODULES = YES;
				CLANG_ENABLE_OBJC_ARC = YES;
				CLANG_WARN_BOOL_CONVERSION = YES;
				CLANG_WARN_CONSTANT_CONVERSION = YES;
				CLANG_WARN_DIRECT_OBJC_ISA_USAGE = YES_ERROR;
				CLANG_WARN_EMPTY_BODY = YES;
				CLANG_WARN_ENUM_CONVERSION = YES;
				CLANG_WARN_INT_CONVERSION = YES;
				CLANG_WARN_OBJC_ROOT_CLASS = YES_ERROR;
				CLANG_WARN_UNREACHABLE_CODE = YES;
				CLANG_WARN__DUPLICATE_METHOD_MATCH = YES;
				"CODE_SIGN_IDENTITY[sdk=iphoneos*]" = "iPhone Developer";
				COPY_PHASE_STRIP = NO;
				DEBUG_INFORMATION_FORMAT = "dwarf-with-dsym";
				ENABLE_NS_ASSERTIONS = NO;
				ENABLE_STRICT_OBJC_MSGSEND = YES;
				GCC_C_LANGUAGE_STANDARD = gnu99;
				GCC_NO_COMMON_BLOCKS = YES;
				GCC_WARN_64_TO_32_BIT_CONVERSION = YES;
				GCC_WARN_ABOUT_RETURN_TYPE = YES_ERROR;
				GCC_WARN_UNDECLARED_SELECTOR = YES;
				GCC_WARN_UNINITIALIZED_AUTOS = YES_AGGRESSIVE;
				GCC_WARN_UNUSED_FUNCTION = YES;
				GCC_WARN_UNUSED_VARIABLE = YES;
				IPHONEOS_DEPLOYMENT_TARGET = 9.1;
				MTL_ENABLE_DEBUG_INFO = NO;
				SDKROOT = iphoneos;
				VALIDATE_PRODUCT = YES;
			};
			name = Release;
		};
		AE0AB4E61D33844E00C4DE65 /* Debug */ = {
			isa = XCBuildConfiguration;
			buildSettings = {
				ASSETCATALOG_COMPILER_APPICON_NAME = AppIcon;
				INFOPLIST_FILE = Shadow/Info.plist;
				LD_RUNPATH_SEARCH_PATHS = "$(inherited) @executable_path/Frameworks";
				PRODUCT_BUNDLE_IDENTIFIER = gree.Shadow;
				PRODUCT_NAME = "$(TARGET_NAME)";
			};
			name = Debug;
		};
		AE0AB4E71D33844E00C4DE65 /* Release */ = {
			isa = XCBuildConfiguration;
			buildSettings = {
				ASSETCATALOG_COMPILER_APPICON_NAME = AppIcon;
				INFOPLIST_FILE = Shadow/Info.plist;
				LD_RUNPATH_SEARCH_PATHS = "$(inherited) @executable_path/Frameworks";
				PRODUCT_BUNDLE_IDENTIFIER = gree.Shadow;
				PRODUCT_NAME = "$(TARGET_NAME)";
			};
			name = Release;
		};
/* End XCBuildConfiguration section */

/* Begin XCConfigurationList section */
		AE0AB4CE1D33844E00C4DE65 /* Build configuration list for PBXProject "Shadow" */ = {
			isa = XCConfigurationList;
			buildConfigurations = (
				AE0AB4E31D33844E00C4DE65 /* Debug */,
				AE0AB4E41D33844E00C4DE65 /* Release */,
			);
			defaultConfigurationIsVisible = 0;
			defaultConfigurationName = Release;
		};
		AE0AB4E51D33844E00C4DE65 /* Build configuration list for PBXNativeTarget "Shadow" */ = {
			isa = XCConfigurationList;
			buildConfigurations = (
				AE0AB4E61D33844E00C4DE65 /* Debug */,
				AE0AB4E71D33844E00C4DE65 /* Release */,
			);
			defaultConfigurationIsVisible = 0;
			defaultConfigurationName = Release;
		};
/* End XCConfigurationList section */
	};
	rootObject = AE0AB4CB1D33844E00C4DE65 /* Project object */;
}
